// !$*UTF8*$!
{
	archiveVersion = 1;
	classes = {
	};
	objectVersion = 46;
	objects = {

/* Begin PBXBuildFile section */
		10E68E601CCF98C10054C593 /* AppDelegate.swift in Sources */ = {isa = PBXBuildFile; fileRef = 10E68E5F1CCF98C10054C593 /* AppDelegate.swift */; };
		10E68E621CCF98C10054C593 /* ViewController.swift in Sources */ = {isa = PBXBuildFile; fileRef = 10E68E611CCF98C10054C593 /* ViewController.swift */; };
		10E68E651CCF98C10054C593 /* Main.storyboard in Resources */ = {isa = PBXBuildFile; fileRef = 10E68E631CCF98C10054C593 /* Main.storyboard */; };
		10E68E671CCF98C10054C593 /* Assets.xcassets in Resources */ = {isa = PBXBuildFile; fileRef = 10E68E661CCF98C10054C593 /* Assets.xcassets */; };
		10E68E6A1CCF98C10054C593 /* LaunchScreen.storyboard in Resources */ = {isa = PBXBuildFile; fileRef = 10E68E681CCF98C10054C593 /* LaunchScreen.storyboard */; };
		10E68E721CCF9B590054C593 /* YellowVC.swift in Sources */ = {isa = PBXBuildFile; fileRef = 10E68E711CCF9B590054C593 /* YellowVC.swift */; };
		10E68E741CCF9C1B0054C593 /* BlueVC.swift in Sources */ = {isa = PBXBuildFile; fileRef = 10E68E731CCF9C1B0054C593 /* BlueVC.swift */; };
/* End PBXBuildFile section */

/* Begin PBXFileReference section */
		10E68E5C1CCF98C10054C593 /* UINavController.app */ = {isa = PBXFileReference; explicitFileType = wrapper.application; includeInIndex = 0; path = UINavController.app; sourceTree = BUILT_PRODUCTS_DIR; };
		10E68E5F1CCF98C10054C593 /* AppDelegate.swift */ = {isa = PBXFileReference; lastKnownFileType = sourcecode.swift; path = AppDelegate.swift; sourceTree = "<group>"; };
		10E68E611CCF98C10054C593 /* ViewController.swift */ = {isa = PBXFileReference; lastKnownFileType = sourcecode.swift; path = ViewController.swift; sourceTree = "<group>"; };
		10E68E641CCF98C10054C593 /* Base */ = {isa = PBXFileReference; lastKnownFileType = file.storyboard; name = Base; path = Base.lproj/Main.storyboard; sourceTree = "<group>"; };
		10E68E661CCF98C10054C593 /* Assets.xcassets */ = {isa = PBXFileReference; lastKnownFileType = folder.assetcatalog; path = Assets.xcassets; sourceTree = "<group>"; };
		10E68E691CCF98C10054C593 /* Base */ = {isa = PBXFileReference; lastKnownFileType = file.storyboard; name = Base; path = Base.lproj/LaunchScreen.storyboard; sourceTree = "<group>"; };
		10E68E6B1CCF98C10054C593 /* Info.plist */ = {isa = PBXFileReference; lastKnownFileType = text.plist.xml; path = Info.plist; sourceTree = "<group>"; };
		10E68E711CCF9B590054C593 /* YellowVC.swift */ = {isa = PBXFileReference; fileEncoding = 4; lastKnownFileType = sourcecode.swift; path = YellowVC.swift; sourceTree = "<group>"; };
		10E68E731CCF9C1B0054C593 /* BlueVC.swift */ = {isa = PBXFileReference; fileEncoding = 4; lastKnownFileType = sourcecode.swift; path = BlueVC.swift; sourceTree = "<group>"; };
/* End PBXFileReference section */

/* Begin PBXFrameworksBuildPhase section */
		10E68E591CCF98C10054C593 /* Frameworks */ = {
			isa = PBXFrameworksBuildPhase;
			buildActionMask = 2147483647;
			files = (
			);
			runOnlyForDeploymentPostprocessing = 0;
		};
/* End PBXFrameworksBuildPhase section */

/* Begin PBXGroup section */
		10E68E531CCF98C10054C593 = {
			isa = PBXGroup;
			children = (
				10E68E5E1CCF98C10054C593 /* UINavController */,
				10E68E5D1CCF98C10054C593 /* Products */,
			);
			sourceTree = "<group>";
		};
		10E68E5D1CCF98C10054C593 /* Products */ = {
			isa = PBXGroup;
			children = (
				10E68E5C1CCF98C10054C593 /* UINavController.app */,
			);
			name = Products;
			sourceTree = "<group>";
		};
		10E68E5E1CCF98C10054C593 /* UINavController */ = {
			isa = PBXGroup;
			children = (
				10E68E5F1CCF98C10054C593 /* AppDelegate.swift */,
				10E68E611CCF98C10054C593 /* ViewController.swift */,
				10E68E631CCF98C10054C593 /* Main.storyboard */,
				10E68E661CCF98C10054C593 /* Assets.xcassets */,
				10E68E681CCF98C10054C593 /* LaunchScreen.storyboard */,
				10E68E6B1CCF98C10054C593 /* Info.plist */,
				10E68E711CCF9B590054C593 /* YellowVC.swift */,
				10E68E731CCF9C1B0054C593 /* BlueVC.swift */,
			);
			path = UINavController;
			sourceTree = "<group>";
		};
/* End PBXGroup section */

/* Begin PBXNativeTarget section */
		10E68E5B1CCF98C10054C593 /* UINavController */ = {
			isa = PBXNativeTarget;
			buildConfigurationList = 10E68E6E1CCF98C10054C593 /* Build configuration list for PBXNativeTarget "UINavController" */;
			buildPhases = (
				10E68E581CCF98C10054C593 /* Sources */,
				10E68E591CCF98C10054C593 /* Frameworks */,
				10E68E5A1CCF98C10054C593 /* Resources */,
			);
			buildRules = (
			);
			dependencies = (
			);
			name = UINavController;
			productName = UINavController;
			productReference = 10E68E5C1CCF98C10054C593 /* UINavController.app */;
			productType = "com.apple.product-type.application";
		};
/* End PBXNativeTarget section */

/* Begin PBXProject section */
		10E68E541CCF98C10054C593 /* Project object */ = {
			isa = PBXProject;
			attributes = {
				LastSwiftUpdateCheck = 0720;
				LastUpgradeCheck = 0720;
				ORGANIZATIONNAME = "marvin evins";
				TargetAttributes = {
					10E68E5B1CCF98C10054C593 = {
						CreatedOnToolsVersion = 7.2.1;
					};
				};
			};
			buildConfigurationList = 10E68E571CCF98C10054C593 /* Build configuration list for PBXProject "UINavController" */;
			compatibilityVersion = "Xcode 3.2";
			developmentRegion = English;
			hasScannedForEncodings = 0;
			knownRegions = (
				en,
				Base,
			);
			mainGroup = 10E68E531CCF98C10054C593;
			productRefGroup = 10E68E5D1CCF98C10054C593 /* Products */;
			projectDirPath = "";
			projectRoot = "";
			targets = (
				10E68E5B1CCF98C10054C593 /* UINavController */,
			);
		};
/* End PBXProject section */

/* Begin PBXResourcesBuildPhase section */
		10E68E5A1CCF98C10054C593 /* Resources */ = {
			isa = PBXResourcesBuildPhase;
			buildActionMask = 2147483647;
			files = (
				10E68E6A1CCF98C10054C593 /* LaunchScreen.storyboard in Resources */,
				10E68E671CCF98C10054C593 /* Assets.xcassets in Resources */,
				10E68E651CCF98C10054C593 /* Main.storyboard in Resources */,
			);
			runOnlyForDeploymentPostprocessing = 0;
		};
/* End PBXResourcesBuildPhase section */

/* Begin PBXSourcesBuildPhase section */
		10E68E581CCF98C10054C593 /* Sources */ = {
			isa = PBXSourcesBuildPhase;
			buildActionMask = 2147483647;
			files = (
				10E68E741CCF9C1B0054C593 /* BlueVC.swift in Sources */,
				10E68E621CCF98C10054C593 /* ViewController.swift in Sources */,
				10E68E601CCF98C10054C593 /* AppDelegate.swift in Sources */,
				10E68E721CCF9B590054C593 /* YellowVC.swift in Sources */,
			);
			runOnlyForDeploymentPostprocessing = 0;
		};
/* End PBXSourcesBuildPhase section */

/* Begin PBXVariantGroup section */
		10E68E631CCF98C10054C593 /* Main.storyboard */ = {
			isa = PBXVariantGroup;
			children = (
				10E68E641CCF98C10054C593 /* Base */,
			);
			name = Main.storyboard;
			sourceTree = "<group>";
		};
		10E68E681CCF98C10054C593 /* LaunchScreen.storyboard */ = {
			isa = PBXVariantGroup;
			children = (
				10E68E691CCF98C10054C593 /* Base */,
			);
			name = LaunchScreen.storyboard;
			sourceTree = "<group>";
		};
/* End PBXVariantGroup section */

/* Begin XCBuildConfiguration section */
		10E68E6C1CCF98C10054C593 /* Debug */ = {
			isa = XCBuildConfiguration;
			buildSettings = {
				ALWAYS_SEARCH_USER_PATHS = NO;
				CLANG_CXX_LANGUAGE_STANDARD = "gnu++0x";
				CLANG_CXX_LIBRARY = "libc++";
				CLANG_ENABLE_MODULES = YES;
				CLANG_ENABLE_OBJC_ARC = YES;
				CLANG_WARN_BOOL_CONVERSION = YES;
				CLANG_WARN_CONSTANT_CONVERSION = YES;
				CLANG_WARN_DIRECT_OBJC_ISA_USAGE = YES_ERROR;
				CLANG_WARN_EMPTY_BODY = YES;
				CLANG_WARN_ENUM_CONVERSION = YES;
				CLANG_WARN_INT_CONVERSION = YES;
				CLANG_WARN_OBJC_ROOT_CLASS = YES_ERROR;
				CLANG_WARN_UNREACHABLE_CODE = YES;
				CLANG_WARN__DUPLICATE_METHOD_MATCH = YES;
				"CODE_SIGN_IDENTITY[sdk=iphoneos*]" = "iPhone Developer";
				COPY_PHASE_STRIP = NO;
				DEBUG_INFORMATION_FORMAT = dwarf;
				ENABLE_STRICT_OBJC_MSGSEND = YES;
				ENABLE_TESTABILITY = YES;
				GCC_C_LANGUAGE_STANDARD = gnu99;
				GCC_DYNAMIC_NO_PIC = NO;
				GCC_NO_COMMON_BLOCKS = YES;
				GCC_OPTIMIZATION_LEVEL = 0;
				GCC_PREPROCESSOR_DEFINITIONS = (
					"DEBUG=1",
					"$(inherited)",
				);
				GCC_WARN_64_TO_32_BIT_CONVERSION = YES;
				GCC_WARN_ABOUT_RETURN_TYPE = YES_ERROR;
				GCC_WARN_UNDECLARED_SELECTOR = YES;
				GCC_WARN_UNINITIALIZED_AUTOS = YES_AGGRESSIVE;
				GCC_WARN_UNUSED_FUNCTION = YES;
				GCC_WARN_UNUSED_VARIABLE = YES;
				IPHONEOS_DEPLOYMENT_TARGET = 9.2;
				MTL_ENABLE_DEBUG_INFO = YES;
				ONLY_ACTIVE_ARCH = YES;
				SDKROOT = iphoneos;
				SWIFT_OPTIMIZATION_LEVEL = "-Onone";
			};
			name = Debug;
		};
		10E68E6D1CCF98C10054C593 /* Release */ = {
			isa = XCBuildConfiguration;
			buildSettings = {
				ALWAYS_SEARCH_USER_PATHS = NO;
				CLANG_CXX_LANGUAGE_STANDARD = "gnu++0x";
				CLANG_CXX_LIBRARY = "libc++";
				CLANG_ENABLE_MODULES = YES;
				CLANG_ENABLE_OBJC_ARC = YES;
				CLANG_WARN_BOOL_CONVERSION = YES;
				CLANG_WARN_CONSTANT_CONVERSION = YES;
				CLANG_WARN_DIRECT_OBJC_ISA_USAGE = YES_ERROR;
				CLANG_WARN_EMPTY_BODY = YES;
				CLANG_WARN_ENUM_CONVERSION = YES;
				CLANG_WARN_INT_CONVERSION = YES;
				CLANG_WARN_OBJC_ROOT_CLASS = YES_ERROR;
				CLANG_WARN_UNREACHABLE_CODE = YES;
				CLANG_WARN__DUPLICATE_METHOD_MATCH = YES;
				"CODE_SIGN_IDENTITY[sdk=iphoneos*]" = "iPhone Developer";
				COPY_PHASE_STRIP = NO;
				DEBUG_INFORMATION_FORMAT = "dwarf-with-dsym";
				ENABLE_NS_ASSERTIONS = NO;
				ENABLE_STRICT_OBJC_MSGSEND = YES;
				GCC_C_LANGUAGE_STANDARD = gnu99;
				GCC_NO_COMMON_BLOCKS = YES;
				GCC_WARN_64_TO_32_BIT_CONVERSION = YES;
				GCC_WARN_ABOUT_RETURN_TYPE = YES_ERROR;
				GCC_WARN_UNDECLARED_SELECTOR = YES;
				GCC_WARN_UNINITIALIZED_AUTOS = YES_AGGRESSIVE;
				GCC_WARN_UNUSED_FUNCTION = YES;
				GCC_WARN_UNUSED_VARIABLE = YES;
				IPHONEOS_DEPLOYMENT_TARGET = 9.2;
				MTL_ENABLE_DEBUG_INFO = NO;
				SDKROOT = iphoneos;
				VALIDATE_PRODUCT = YES;
			};
			name = Release;
		};
		10E68E6F1CCF98C10054C593 /* Debug */ = {
			isa = XCBuildConfiguration;
			buildSettings = {
				ASSETCATALOG_COMPILER_APPICON_NAME = AppIcon;
				INFOPLIST_FILE = UINavController/Info.plist;
				LD_RUNPATH_SEARCH_PATHS = "$(inherited) @executable_path/Frameworks";
				PRODUCT_BUNDLE_IDENTIFIER = com.iOSavant.UINavController;
				PRODUCT_NAME = "$(TARGET_NAME)";
			};
			name = Debug;
		};
		10E68E701CCF98C10054C593 /* Release */ = {
			isa = XCBuildConfiguration;
			buildSettings = {
				ASSETCATALOG_COMPILER_APPICON_NAME = AppIcon;
				INFOPLIST_FILE = UINavController/Info.plist;
				LD_RUNPATH_SEARCH_PATHS = "$(inherited) @executable_path/Frameworks";
				PRODUCT_BUNDLE_IDENTIFIER = com.iOSavant.UINavController;
				PRODUCT_NAME = "$(TARGET_NAME)";
			};
			name = Release;
		};
/* End XCBuildConfiguration section */

/* Begin XCConfigurationList section */
		10E68E571CCF98C10054C593 /* Build configuration list for PBXProject "UINavController" */ = {
			isa = XCConfigurationList;
			buildConfigurations = (
				10E68E6C1CCF98C10054C593 /* Debug */,
				10E68E6D1CCF98C10054C593 /* Release */,
			);
			defaultConfigurationIsVisible = 0;
			defaultConfigurationName = Release;
		};
		10E68E6E1CCF98C10054C593 /* Build configuration list for PBXNativeTarget "UINavController" */ = {
			isa = XCConfigurationList;
			buildConfigurations = (
				10E68E6F1CCF98C10054C593 /* Debug */,
				10E68E701CCF98C10054C593 /* Release */,
			);
			defaultConfigurationIsVisible = 0;
		};
/* End XCConfigurationList section */
	};
	rootObject = 10E68E541CCF98C10054C593 /* Project object */;
}
